
Microsoft Visual Studio Solution File, Format Version 12.00
# Visual Studio Version 17
VisualStudioVersion = 17.4.33213.308
MinimumVisualStudioVersion = 10.0.40219.1
Project("{8BC9CEB8-8B4A-11D0-8D11-00A0C91BC942}") = "h08_BaseBall", "h08_BaseBall\h08_BaseBall.vcxproj", "{EAFF0F79-E62A-4B2F-9561-85C59AE031DE}"
EndProject
Project("{2150E333-8FDC-42A3-9474-1A3956D46DE8}") = "솔루션 항목", "솔루션 항목", "{87A9C108-9EF0-4CF0-92CB-089DEA288AE8}"
	ProjectSection(SolutionItems) = preProject
		.gitignore = .gitignore
		README.md = README.md
	EndProjectSection
EndProject
Global
	GlobalSection(SolutionConfigurationPlatforms) = preSolution
		Debug|x64 = Debug|x64
		Debug|x86 = Debug|x86
		Release|x64 = Release|x64
		Release|x86 = Release|x86
	EndGlobalSection
	GlobalSection(ProjectConfigurationPlatforms) = postSolution
		{EAFF0F79-E62A-4B2F-9561-85C59AE031DE}.Debug|x64.ActiveCfg = Debug|x64
		{EAFF0F79-E62A-4B2F-9561-85C59AE031DE}.Debug|x64.Build.0 = Debug|x64
		{EAFF0F79-E62A-4B2F-9561-85C59AE031DE}.Debug|x86.ActiveCfg = Debug|Win32
		{EAFF0F79-E62A-4B2F-9561-85C59AE031DE}.Debug|x86.Build.0 = Debug|Win32
		{EAFF0F79-E62A-4B2F-9561-85C59AE031DE}.Release|x64.ActiveCfg = Release|x64
		{EAFF0F79-E62A-4B2F-9561-85C59AE031DE}.Release|x64.Build.0 = Release|x64
		{EAFF0F79-E62A-4B2F-9561-85C59AE031DE}.Release|x86.ActiveCfg = Release|Win32
		{EAFF0F79-E62A-4B2F-9561-85C59AE031DE}.Release|x86.Build.0 = Release|Win32
	EndGlobalSection
	GlobalSection(SolutionProperties) = preSolution
		HideSolutionNode = FALSE
	EndGlobalSection
	GlobalSection(ExtensibilityGlobals) = postSolution
		SolutionGuid = {B01D0823-AD90-4583-9C0A-CCAB27D88984}
	EndGlobalSection
EndGlobal
